// !$*UTF8*$!
{
	archiveVersion = 1;
	classes = {
	};
	objectVersion = 50;
	objects = {

/* Begin PBXBuildFile section */
		041DE24E23E17CAD0009A7DE /* AppDelegate.swift in Sources */ = {isa = PBXBuildFile; fileRef = 041DE24D23E17CAD0009A7DE /* AppDelegate.swift */; };
		041DE25023E17CAD0009A7DE /* SceneDelegate.swift in Sources */ = {isa = PBXBuildFile; fileRef = 041DE24F23E17CAD0009A7DE /* SceneDelegate.swift */; };
		041DE25223E17CAD0009A7DE /* ViewController.swift in Sources */ = {isa = PBXBuildFile; fileRef = 041DE25123E17CAD0009A7DE /* ViewController.swift */; };
		041DE25523E17CAD0009A7DE /* Main.storyboard in Resources */ = {isa = PBXBuildFile; fileRef = 041DE25323E17CAD0009A7DE /* Main.storyboard */; };
		041DE25723E17CAE0009A7DE /* Assets.xcassets in Resources */ = {isa = PBXBuildFile; fileRef = 041DE25623E17CAE0009A7DE /* Assets.xcassets */; };
		041DE25A23E17CAE0009A7DE /* LaunchScreen.storyboard in Resources */ = {isa = PBXBuildFile; fileRef = 041DE25823E17CAE0009A7DE /* LaunchScreen.storyboard */; };
/* End PBXBuildFile section */

/* Begin PBXFileReference section */
		041DE24A23E17CAD0009A7DE /* HelloJenkinsAndFastlane.app */ = {isa = PBXFileReference; explicitFileType = wrapper.application; includeInIndex = 0; path = HelloJenkinsAndFastlane.app; sourceTree = BUILT_PRODUCTS_DIR; };
		041DE24D23E17CAD0009A7DE /* AppDelegate.swift */ = {isa = PBXFileReference; lastKnownFileType = sourcecode.swift; path = AppDelegate.swift; sourceTree = "<group>"; };
		041DE24F23E17CAD0009A7DE /* SceneDelegate.swift */ = {isa = PBXFileReference; lastKnownFileType = sourcecode.swift; path = SceneDelegate.swift; sourceTree = "<group>"; };
		041DE25123E17CAD0009A7DE /* ViewController.swift */ = {isa = PBXFileReference; lastKnownFileType = sourcecode.swift; path = ViewController.swift; sourceTree = "<group>"; };
		041DE25423E17CAD0009A7DE /* Base */ = {isa = PBXFileReference; lastKnownFileType = file.storyboard; name = Base; path = Base.lproj/Main.storyboard; sourceTree = "<group>"; };
		041DE25623E17CAE0009A7DE /* Assets.xcassets */ = {isa = PBXFileReference; lastKnownFileType = folder.assetcatalog; path = Assets.xcassets; sourceTree = "<group>"; };
		041DE25923E17CAE0009A7DE /* Base */ = {isa = PBXFileReference; lastKnownFileType = file.storyboard; name = Base; path = Base.lproj/LaunchScreen.storyboard; sourceTree = "<group>"; };
		041DE25B23E17CAE0009A7DE /* Info.plist */ = {isa = PBXFileReference; lastKnownFileType = text.plist.xml; path = Info.plist; sourceTree = "<group>"; };
/* End PBXFileReference section */

/* Begin PBXFrameworksBuildPhase section */
		041DE24723E17CAD0009A7DE /* Frameworks */ = {
			isa = PBXFrameworksBuildPhase;
			buildActionMask = 2147483647;
			files = (
			);
			runOnlyForDeploymentPostprocessing = 0;
		};
/* End PBXFrameworksBuildPhase section */

/* Begin PBXGroup section */
		041DE24123E17CAD0009A7DE = {
			isa = PBXGroup;
			children = (
				041DE24C23E17CAD0009A7DE /* HelloJenkinsAndFastlane */,
				041DE24B23E17CAD0009A7DE /* Products */,
			);
			sourceTree = "<group>";
		};
		041DE24B23E17CAD0009A7DE /* Products */ = {
			isa = PBXGroup;
			children = (
				041DE24A23E17CAD0009A7DE /* HelloJenkinsAndFastlane.app */,
			);
			name = Products;
			sourceTree = "<group>";
		};
		041DE24C23E17CAD0009A7DE /* HelloJenkinsAndFastlane */ = {
			isa = PBXGroup;
			children = (
				041DE24D23E17CAD0009A7DE /* AppDelegate.swift */,
				041DE24F23E17CAD0009A7DE /* SceneDelegate.swift */,
				041DE25123E17CAD0009A7DE /* ViewController.swift */,
				041DE25323E17CAD0009A7DE /* Main.storyboard */,
				041DE25623E17CAE0009A7DE /* Assets.xcassets */,
				041DE25823E17CAE0009A7DE /* LaunchScreen.storyboard */,
				041DE25B23E17CAE0009A7DE /* Info.plist */,
			);
			path = HelloJenkinsAndFastlane;
			sourceTree = "<group>";
		};
/* End PBXGroup section */

/* Begin PBXNativeTarget section */
		041DE24923E17CAD0009A7DE /* HelloJenkinsAndFastlane */ = {
			isa = PBXNativeTarget;
			buildConfigurationList = 041DE25E23E17CAE0009A7DE /* Build configuration list for PBXNativeTarget "HelloJenkinsAndFastlane" */;
			buildPhases = (
				041DE24623E17CAD0009A7DE /* Sources */,
				041DE24723E17CAD0009A7DE /* Frameworks */,
				041DE24823E17CAD0009A7DE /* Resources */,
			);
			buildRules = (
			);
			dependencies = (
			);
			name = HelloJenkinsAndFastlane;
			productName = HelloJenkinsAndFastlane;
			productReference = 041DE24A23E17CAD0009A7DE /* HelloJenkinsAndFastlane.app */;
			productType = "com.apple.product-type.application";
		};
/* End PBXNativeTarget section */

/* Begin PBXProject section */
		041DE24223E17CAD0009A7DE /* Project object */ = {
			isa = PBXProject;
			attributes = {
				LastSwiftUpdateCheck = 1130;
				LastUpgradeCheck = 1130;
				ORGANIZATIONNAME = "Виктория Бадисова";
				TargetAttributes = {
					041DE24923E17CAD0009A7DE = {
						CreatedOnToolsVersion = 11.3.1;
					};
				};
			};
			buildConfigurationList = 041DE24523E17CAD0009A7DE /* Build configuration list for PBXProject "HelloJenkinsAndFastlane" */;
			compatibilityVersion = "Xcode 9.3";
			developmentRegion = en;
			hasScannedForEncodings = 0;
			knownRegions = (
				en,
				Base,
			);
			mainGroup = 041DE24123E17CAD0009A7DE;
			productRefGroup = 041DE24B23E17CAD0009A7DE /* Products */;
			projectDirPath = "";
			projectRoot = "";
			targets = (
				041DE24923E17CAD0009A7DE /* HelloJenkinsAndFastlane */,
			);
		};
/* End PBXProject section */

/* Begin PBXResourcesBuildPhase section */
		041DE24823E17CAD0009A7DE /* Resources */ = {
			isa = PBXResourcesBuildPhase;
			buildActionMask = 2147483647;
			files = (
				041DE25A23E17CAE0009A7DE /* LaunchScreen.storyboard in Resources */,
				041DE25723E17CAE0009A7DE /* Assets.xcassets in Resources */,
				041DE25523E17CAD0009A7DE /* Main.storyboard in Resources */,
			);
			runOnlyForDeploymentPostprocessing = 0;
		};
/* End PBXResourcesBuildPhase section */

/* Begin PBXSourcesBuildPhase section */
		041DE24623E17CAD0009A7DE /* Sources */ = {
			isa = PBXSourcesBuildPhase;
			buildActionMask = 2147483647;
			files = (
				041DE25223E17CAD0009A7DE /* ViewController.swift in Sources */,
				041DE24E23E17CAD0009A7DE /* AppDelegate.swift in Sources */,
				041DE25023E17CAD0009A7DE /* SceneDelegate.swift in Sources */,
			);
			runOnlyForDeploymentPostprocessing = 0;
		};
/* End PBXSourcesBuildPhase section */

/* Begin PBXVariantGroup section */
		041DE25323E17CAD0009A7DE /* Main.storyboard */ = {
			isa = PBXVariantGroup;
			children = (
				041DE25423E17CAD0009A7DE /* Base */,
			);
			name = Main.storyboard;
			sourceTree = "<group>";
		};
		041DE25823E17CAE0009A7DE /* LaunchScreen.storyboard */ = {
			isa = PBXVariantGroup;
			children = (
				041DE25923E17CAE0009A7DE /* Base */,
			);
			name = LaunchScreen.storyboard;
			sourceTree = "<group>";
		};
/* End PBXVariantGroup section */

/* Begin XCBuildConfiguration section */
		041DE25C23E17CAE0009A7DE /* Debug */ = {
			isa = XCBuildConfiguration;
			buildSettings = {
				ALWAYS_SEARCH_USER_PATHS = NO;
				CLANG_ANALYZER_NONNULL = YES;
				CLANG_ANALYZER_NUMBER_OBJECT_CONVERSION = YES_AGGRESSIVE;
				CLANG_CXX_LANGUAGE_STANDARD = "gnu++14";
				CLANG_CXX_LIBRARY = "libc++";
				CLANG_ENABLE_MODULES = YES;
				CLANG_ENABLE_OBJC_ARC = YES;
				CLANG_ENABLE_OBJC_WEAK = YES;
				CLANG_WARN_BLOCK_CAPTURE_AUTORELEASING = YES;
				CLANG_WARN_BOOL_CONVERSION = YES;
				CLANG_WARN_COMMA = YES;
				CLANG_WARN_CONSTANT_CONVERSION = YES;
				CLANG_WARN_DEPRECATED_OBJC_IMPLEMENTATIONS = YES;
				CLANG_WARN_DIRECT_OBJC_ISA_USAGE = YES_ERROR;
				CLANG_WARN_DOCUMENTATION_COMMENTS = YES;
				CLANG_WARN_EMPTY_BODY = YES;
				CLANG_WARN_ENUM_CONVERSION = YES;
				CLANG_WARN_INFINITE_RECURSION = YES;
				CLANG_WARN_INT_CONVERSION = YES;
				CLANG_WARN_NON_LITERAL_NULL_CONVERSION = YES;
				CLANG_WARN_OBJC_IMPLICIT_RETAIN_SELF = YES;
				CLANG_WARN_OBJC_LITERAL_CONVERSION = YES;
				CLANG_WARN_OBJC_ROOT_CLASS = YES_ERROR;
				CLANG_WARN_RANGE_LOOP_ANALYSIS = YES;
				CLANG_WARN_STRICT_PROTOTYPES = YES;
				CLANG_WARN_SUSPICIOUS_MOVE = YES;
				CLANG_WARN_UNGUARDED_AVAILABILITY = YES_AGGRESSIVE;
				CLANG_WARN_UNREACHABLE_CODE = YES;
				CLANG_WARN__DUPLICATE_METHOD_MATCH = YES;
				COPY_PHASE_STRIP = NO;
				DEBUG_INFORMATION_FORMAT = dwarf;
				ENABLE_STRICT_OBJC_MSGSEND = YES;
				ENABLE_TESTABILITY = YES;
				GCC_C_LANGUAGE_STANDARD = gnu11;
				GCC_DYNAMIC_NO_PIC = NO;
				GCC_NO_COMMON_BLOCKS = YES;
				GCC_OPTIMIZATION_LEVEL = 0;
				GCC_PREPROCESSOR_DEFINITIONS = (
					"DEBUG=1",
					"$(inherited)",
				);
				GCC_WARN_64_TO_32_BIT_CONVERSION = YES;
				GCC_WARN_ABOUT_RETURN_TYPE = YES_ERROR;
				GCC_WARN_UNDECLARED_SELECTOR = YES;
				GCC_WARN_UNINITIALIZED_AUTOS = YES_AGGRESSIVE;
				GCC_WARN_UNUSED_FUNCTION = YES;
				GCC_WARN_UNUSED_VARIABLE = YES;
				IPHONEOS_DEPLOYMENT_TARGET = 13.2;
				MTL_ENABLE_DEBUG_INFO = INCLUDE_SOURCE;
				MTL_FAST_MATH = YES;
				ONLY_ACTIVE_ARCH = YES;
				SDKROOT = iphoneos;
				SWIFT_ACTIVE_COMPILATION_CONDITIONS = DEBUG;
				SWIFT_OPTIMIZATION_LEVEL = "-Onone";
			};
			name = Debug;
		};
		041DE25D23E17CAE0009A7DE /* Release */ = {
			isa = XCBuildConfiguration;
			buildSettings = {
				ALWAYS_SEARCH_USER_PATHS = NO;
				CLANG_ANALYZER_NONNULL = YES;
				CLANG_ANALYZER_NUMBER_OBJECT_CONVERSION = YES_AGGRESSIVE;
				CLANG_CXX_LANGUAGE_STANDARD = "gnu++14";
				CLANG_CXX_LIBRARY = "libc++";
				CLANG_ENABLE_MODULES = YES;
				CLANG_ENABLE_OBJC_ARC = YES;
				CLANG_ENABLE_OBJC_WEAK = YES;
				CLANG_WARN_BLOCK_CAPTURE_AUTORELEASING = YES;
				CLANG_WARN_BOOL_CONVERSION = YES;
				CLANG_WARN_COMMA = YES;
				CLANG_WARN_CONSTANT_CONVERSION = YES;
				CLANG_WARN_DEPRECATED_OBJC_IMPLEMENTATIONS = YES;
				CLANG_WARN_DIRECT_OBJC_ISA_USAGE = YES_ERROR;
				CLANG_WARN_DOCUMENTATION_COMMENTS = YES;
				CLANG_WARN_EMPTY_BODY = YES;
				CLANG_WARN_ENUM_CONVERSION = YES;
				CLANG_WARN_INFINITE_RECURSION = YES;
				CLANG_WARN_INT_CONVERSION = YES;
				CLANG_WARN_NON_LITERAL_NULL_CONVERSION = YES;
				CLANG_WARN_OBJC_IMPLICIT_RETAIN_SELF = YES;
				CLANG_WARN_OBJC_LITERAL_CONVERSION = YES;
				CLANG_WARN_OBJC_ROOT_CLASS = YES_ERROR;
				CLANG_WARN_RANGE_LOOP_ANALYSIS = YES;
				CLANG_WARN_STRICT_PROTOTYPES = YES;
				CLANG_WARN_SUSPICIOUS_MOVE = YES;
				CLANG_WARN_UNGUARDED_AVAILABILITY = YES_AGGRESSIVE;
				CLANG_WARN_UNREACHABLE_CODE = YES;
				CLANG_WARN__DUPLICATE_METHOD_MATCH = YES;
				COPY_PHASE_STRIP = NO;
				DEBUG_INFORMATION_FORMAT = "dwarf-with-dsym";
				ENABLE_NS_ASSERTIONS = NO;
				ENABLE_STRICT_OBJC_MSGSEND = YES;
				GCC_C_LANGUAGE_STANDARD = gnu11;
				GCC_NO_COMMON_BLOCKS = YES;
				GCC_WARN_64_TO_32_BIT_CONVERSION = YES;
				GCC_WARN_ABOUT_RETURN_TYPE = YES_ERROR;
				GCC_WARN_UNDECLARED_SELECTOR = YES;
				GCC_WARN_UNINITIALIZED_AUTOS = YES_AGGRESSIVE;
				GCC_WARN_UNUSED_FUNCTION = YES;
				GCC_WARN_UNUSED_VARIABLE = YES;
				IPHONEOS_DEPLOYMENT_TARGET = 13.2;
				MTL_ENABLE_DEBUG_INFO = NO;
				MTL_FAST_MATH = YES;
				SDKROOT = iphoneos;
				SWIFT_COMPILATION_MODE = wholemodule;
				SWIFT_OPTIMIZATION_LEVEL = "-O";
				VALIDATE_PRODUCT = YES;
			};
			name = Release;
		};
		041DE25F23E17CAE0009A7DE /* Debug */ = {
			isa = XCBuildConfiguration;
			buildSettings = {
				ASSETCATALOG_COMPILER_APPICON_NAME = AppIcon;
				CODE_SIGN_STYLE = Automatic;
				DEVELOPMENT_TEAM = 9E7V52UM47;
				INFOPLIST_FILE = HelloJenkinsAndFastlane/Info.plist;
				LD_RUNPATH_SEARCH_PATHS = (
					"$(inherited)",
					"@executable_path/Frameworks",
				);
				PRODUCT_BUNDLE_IDENTIFIER = com.vbadisova.HelloJenkinsAndFastlane;
				PRODUCT_NAME = "$(TARGET_NAME)";
				SWIFT_VERSION = 5.0;
				TARGETED_DEVICE_FAMILY = "1,2";
			};
			name = Debug;
		};
		041DE26023E17CAE0009A7DE /* Release */ = {
			isa = XCBuildConfiguration;
			buildSettings = {
				ASSETCATALOG_COMPILER_APPICON_NAME = AppIcon;
				CODE_SIGN_STYLE = Automatic;
				DEVELOPMENT_TEAM = 9E7V52UM47;
				INFOPLIST_FILE = HelloJenkinsAndFastlane/Info.plist;
				LD_RUNPATH_SEARCH_PATHS = (
					"$(inherited)",
					"@executable_path/Frameworks",
				);
				PRODUCT_BUNDLE_IDENTIFIER = com.vbadisova.HelloJenkinsAndFastlane;
				PRODUCT_NAME = "$(TARGET_NAME)";
				SWIFT_VERSION = 5.0;
				TARGETED_DEVICE_FAMILY = "1,2";
			};
			name = Release;
		};
/* End XCBuildConfiguration section */

/* Begin XCConfigurationList section */
		041DE24523E17CAD0009A7DE /* Build configuration list for PBXProject "HelloJenkinsAndFastlane" */ = {
			isa = XCConfigurationList;
			buildConfigurations = (
				041DE25C23E17CAE0009A7DE /* Debug */,
				041DE25D23E17CAE0009A7DE /* Release */,
			);
			defaultConfigurationIsVisible = 0;
			defaultConfigurationName = Release;
		};
		041DE25E23E17CAE0009A7DE /* Build configuration list for PBXNativeTarget "HelloJenkinsAndFastlane" */ = {
			isa = XCConfigurationList;
			buildConfigurations = (
				041DE25F23E17CAE0009A7DE /* Debug */,
				041DE26023E17CAE0009A7DE /* Release */,
			);
			defaultConfigurationIsVisible = 0;
			defaultConfigurationName = Release;
		};
/* End XCConfigurationList section */
	};
	rootObject = 041DE24223E17CAD0009A7DE /* Project object */;
}
